// !$*UTF8*$!
{
	archiveVersion = 1;
	classes = {
	};
	objectVersion = 77;
	objects = {

/* Begin PBXBuildFile section */
		4F47DF9F2DC931FB00707218 /* StopInfo.swift in Sources */ = {isa = PBXBuildFile; fileRef = 4F47DF992DC931FB00707218 /* StopInfo.swift */; };
		4F47DFA02DC931FB00707218 /* StopListView.swift in Sources */ = {isa = PBXBuildFile; fileRef = 4F47DF9A2DC931FB00707218 /* StopListView.swift */; };
		4F47DFA12DC931FB00707218 /* StopViewModel.swift in Sources */ = {isa = PBXBuildFile; fileRef = 4F47DF9B2DC931FB00707218 /* StopViewModel.swift */; };
		4F47DFA22DC931FB00707218 /* T_BuddyRetakeApp.swift in Sources */ = {isa = PBXBuildFile; fileRef = 4F47DF9C2DC931FB00707218 /* T_BuddyRetakeApp.swift */; };
		4F47DFA32DC931FB00707218 /* UserSetting.swift in Sources */ = {isa = PBXBuildFile; fileRef = 4F47DF9D2DC931FB00707218 /* UserSetting.swift */; };
		4F47DFA42DC931FB00707218 /* Preview Assets.xcassets in Resources */ = {isa = PBXBuildFile; fileRef = 4F47DF952DC931FB00707218 /* Preview Assets.xcassets */; };
		4F47DFA52DC931FB00707218 /* Assets.xcassets in Resources */ = {isa = PBXBuildFile; fileRef = 4F47DF972DC931FB00707218 /* Assets.xcassets */; };
/* End PBXBuildFile section */

/* Begin PBXFileReference section */
		4F47DF7A2DC9307800707218 /* T-BuddyRetake.app */ = {isa = PBXFileReference; explicitFileType = wrapper.application; includeInIndex = 0; path = "T-BuddyRetake.app"; sourceTree = BUILT_PRODUCTS_DIR; };
		4F47DF952DC931FB00707218 /* Preview Assets.xcassets */ = {isa = PBXFileReference; lastKnownFileType = folder.assetcatalog; path = "Preview Assets.xcassets"; sourceTree = "<group>"; };
		4F47DF972DC931FB00707218 /* Assets.xcassets */ = {isa = PBXFileReference; lastKnownFileType = folder.assetcatalog; path = Assets.xcassets; sourceTree = "<group>"; };
		4F47DF982DC931FB00707218 /* Info.plist */ = {isa = PBXFileReference; lastKnownFileType = text.plist.xml; path = Info.plist; sourceTree = "<group>"; };
		4F47DF992DC931FB00707218 /* StopInfo.swift */ = {isa = PBXFileReference; lastKnownFileType = sourcecode.swift; path = StopInfo.swift; sourceTree = "<group>"; };
		4F47DF9A2DC931FB00707218 /* StopListView.swift */ = {isa = PBXFileReference; lastKnownFileType = sourcecode.swift; path = StopListView.swift; sourceTree = "<group>"; };
		4F47DF9B2DC931FB00707218 /* StopViewModel.swift */ = {isa = PBXFileReference; lastKnownFileType = sourcecode.swift; path = StopViewModel.swift; sourceTree = "<group>"; };
		4F47DF9C2DC931FB00707218 /* T_BuddyRetakeApp.swift */ = {isa = PBXFileReference; lastKnownFileType = sourcecode.swift; path = T_BuddyRetakeApp.swift; sourceTree = "<group>"; };
		4F47DF9D2DC931FB00707218 /* UserSetting.swift */ = {isa = PBXFileReference; lastKnownFileType = sourcecode.swift; path = UserSetting.swift; sourceTree = "<group>"; };
/* End PBXFileReference section */

/* Begin PBXFrameworksBuildPhase section */
		4F47DF772DC9307800707218 /* Frameworks */ = {
			isa = PBXFrameworksBuildPhase;
			buildActionMask = 2147483647;
			files = (
			);
			runOnlyForDeploymentPostprocessing = 0;
		};
/* End PBXFrameworksBuildPhase section */

/* Begin PBXGroup section */
		4F47DF712DC9307800707218 = {
			isa = PBXGroup;
			children = (
				4F47DF9E2DC931FB00707218 /* T-BuddyRetake */,
				4F47DF7B2DC9307800707218 /* Products */,
			);
			sourceTree = "<group>";
		};
		4F47DF7B2DC9307800707218 /* Products */ = {
			isa = PBXGroup;
			children = (
				4F47DF7A2DC9307800707218 /* T-BuddyRetake.app */,
			);
			name = Products;
			sourceTree = "<group>";
		};
		4F47DF962DC931FB00707218 /* Preview Content */ = {
			isa = PBXGroup;
			children = (
				4F47DF952DC931FB00707218 /* Preview Assets.xcassets */,
			);
			path = "Preview Content";
			sourceTree = "<group>";
		};
		4F47DF9E2DC931FB00707218 /* T-BuddyRetake */ = {
			isa = PBXGroup;
			children = (
				4F47DF962DC931FB00707218 /* Preview Content */,
				4F47DF972DC931FB00707218 /* Assets.xcassets */,
				4F47DF982DC931FB00707218 /* Info.plist */,
				4F47DF992DC931FB00707218 /* StopInfo.swift */,
				4F47DF9A2DC931FB00707218 /* StopListView.swift */,
				4F47DF9B2DC931FB00707218 /* StopViewModel.swift */,
				4F47DF9D2DC931FB00707218 /* UserSetting.swift */,
				4F47DF9C2DC931FB00707218 /* T_BuddyRetakeApp.swift */,
			);
			path = "T-BuddyRetake";
			sourceTree = "<group>";
		};
/* End PBXGroup section */

/* Begin PBXNativeTarget section */
		4F47DF792DC9307800707218 /* T-BuddyRetake */ = {
			isa = PBXNativeTarget;
			buildConfigurationList = 4F47DF882DC9307A00707218 /* Build configuration list for PBXNativeTarget "T-BuddyRetake" */;
			buildPhases = (
				4F47DF762DC9307800707218 /* Sources */,
				4F47DF772DC9307800707218 /* Frameworks */,
				4F47DF782DC9307800707218 /* Resources */,
			);
			buildRules = (
			);
			dependencies = (
			);
			name = "T-BuddyRetake";
			packageProductDependencies = (
			);
			productName = "T-BuddyRetake";
			productReference = 4F47DF7A2DC9307800707218 /* T-BuddyRetake.app */;
			productType = "com.apple.product-type.application";
		};
/* End PBXNativeTarget section */

/* Begin PBXProject section */
		4F47DF722DC9307800707218 /* Project object */ = {
			isa = PBXProject;
			attributes = {
				BuildIndependentTargetsInParallel = 1;
				LastSwiftUpdateCheck = 1620;
				LastUpgradeCheck = 1620;
				TargetAttributes = {
					4F47DF792DC9307800707218 = {
						CreatedOnToolsVersion = 16.2;
					};
				};
			};
			buildConfigurationList = 4F47DF752DC9307800707218 /* Build configuration list for PBXProject "T-BuddyRetake" */;
			developmentRegion = en;
			hasScannedForEncodings = 0;
			knownRegions = (
				en,
				Base,
			);
			mainGroup = 4F47DF712DC9307800707218;
			minimizedProjectReferenceProxies = 1;
			preferredProjectObjectVersion = 77;
			productRefGroup = 4F47DF7B2DC9307800707218 /* Products */;
			projectDirPath = "";
			projectRoot = "";
			targets = (
				4F47DF792DC9307800707218 /* T-BuddyRetake */,
			);
		};
/* End PBXProject section */

/* Begin PBXResourcesBuildPhase section */
		4F47DF782DC9307800707218 /* Resources */ = {
			isa = PBXResourcesBuildPhase;
			buildActionMask = 2147483647;
			files = (
				4F47DFA42DC931FB00707218 /* Preview Assets.xcassets in Resources */,
				4F47DFA52DC931FB00707218 /* Assets.xcassets in Resources */,
			);
			runOnlyForDeploymentPostprocessing = 0;
		};
/* End PBXResourcesBuildPhase section */

/* Begin PBXSourcesBuildPhase section */
		4F47DF762DC9307800707218 /* Sources */ = {
			isa = PBXSourcesBuildPhase;
			buildActionMask = 2147483647;
			files = (
				4F47DF9F2DC931FB00707218 /* StopInfo.swift in Sources */,
				4F47DFA02DC931FB00707218 /* StopListView.swift in Sources */,
				4F47DFA12DC931FB00707218 /* StopViewModel.swift in Sources */,
				4F47DFA22DC931FB00707218 /* T_BuddyRetakeApp.swift in Sources */,
				4F47DFA32DC931FB00707218 /* UserSetting.swift in Sources */,
			);
			runOnlyForDeploymentPostprocessing = 0;
		};
/* End PBXSourcesBuildPhase section */

/* Begin XCBuildConfiguration section */
		4F47DF862DC9307A00707218 /* Debug */ = {
			isa = XCBuildConfiguration;
			buildSettings = {
				ALWAYS_SEARCH_USER_PATHS = NO;
				ASSETCATALOG_COMPILER_GENERATE_SWIFT_ASSET_SYMBOL_EXTENSIONS = YES;
				CLANG_ANALYZER_NONNULL = YES;
				CLANG_ANALYZER_NUMBER_OBJECT_CONVERSION = YES_AGGRESSIVE;
				CLANG_CXX_LANGUAGE_STANDARD = "gnu++20";
				CLANG_ENABLE_MODULES = YES;
				CLANG_ENABLE_OBJC_ARC = YES;
				CLANG_ENABLE_OBJC_WEAK = YES;
				CLANG_WARN_BLOCK_CAPTURE_AUTORELEASING = YES;
				CLANG_WARN_BOOL_CONVERSION = YES;
				CLANG_WARN_COMMA = YES;
				CLANG_WARN_CONSTANT_CONVERSION = YES;
				CLANG_WARN_DEPRECATED_OBJC_IMPLEMENTATIONS = YES;
				CLANG_WARN_DIRECT_OBJC_ISA_USAGE = YES_ERROR;
				CLANG_WARN_DOCUMENTATION_COMMENTS = YES;
				CLANG_WARN_EMPTY_BODY = YES;
				CLANG_WARN_ENUM_CONVERSION = YES;
				CLANG_WARN_INFINITE_RECURSION = YES;
				CLANG_WARN_INT_CONVERSION = YES;
				CLANG_WARN_NON_LITERAL_NULL_CONVERSION = YES;
				CLANG_WARN_OBJC_IMPLICIT_RETAIN_SELF = YES;
				CLANG_WARN_OBJC_LITERAL_CONVERSION = YES;
				CLANG_WARN_OBJC_ROOT_CLASS = YES_ERROR;
				CLANG_WARN_QUOTED_INCLUDE_IN_FRAMEWORK_HEADER = YES;
				CLANG_WARN_RANGE_LOOP_ANALYSIS = YES;
				CLANG_WARN_STRICT_PROTOTYPES = YES;
				CLANG_WARN_SUSPICIOUS_MOVE = YES;
				CLANG_WARN_UNGUARDED_AVAILABILITY = YES_AGGRESSIVE;
				CLANG_WARN_UNREACHABLE_CODE = YES;
				CLANG_WARN__DUPLICATE_METHOD_MATCH = YES;
				COPY_PHASE_STRIP = NO;
				DEBUG_INFORMATION_FORMAT = dwarf;
				ENABLE_STRICT_OBJC_MSGSEND = YES;
				ENABLE_TESTABILITY = YES;
				ENABLE_USER_SCRIPT_SANDBOXING = YES;
				GCC_C_LANGUAGE_STANDARD = gnu17;
				GCC_DYNAMIC_NO_PIC = NO;
				GCC_NO_COMMON_BLOCKS = YES;
				GCC_OPTIMIZATION_LEVEL = 0;
				GCC_PREPROCESSOR_DEFINITIONS = (
					"DEBUG=1",
					"$(inherited)",
				);
				GCC_WARN_64_TO_32_BIT_CONVERSION = YES;
				GCC_WARN_ABOUT_RETURN_TYPE = YES_ERROR;
				GCC_WARN_UNDECLARED_SELECTOR = YES;
				GCC_WARN_UNINITIALIZED_AUTOS = YES_AGGRESSIVE;
				GCC_WARN_UNUSED_FUNCTION = YES;
				GCC_WARN_UNUSED_VARIABLE = YES;
				IPHONEOS_DEPLOYMENT_TARGET = 18.2;
				LOCALIZATION_PREFERS_STRING_CATALOGS = YES;
				MTL_ENABLE_DEBUG_INFO = INCLUDE_SOURCE;
				MTL_FAST_MATH = YES;
				ONLY_ACTIVE_ARCH = YES;
				SDKROOT = iphoneos;
				SWIFT_ACTIVE_COMPILATION_CONDITIONS = "DEBUG $(inherited)";
				SWIFT_OPTIMIZATION_LEVEL = "-Onone";
			};
			name = Debug;
		};
		4F47DF872DC9307A00707218 /* Release */ = {
			isa = XCBuildConfiguration;
			buildSettings = {
				ALWAYS_SEARCH_USER_PATHS = NO;
				ASSETCATALOG_COMPILER_GENERATE_SWIFT_ASSET_SYMBOL_EXTENSIONS = YES;
				CLANG_ANALYZER_NONNULL = YES;
				CLANG_ANALYZER_NUMBER_OBJECT_CONVERSION = YES_AGGRESSIVE;
				CLANG_CXX_LANGUAGE_STANDARD = "gnu++20";
				CLANG_ENABLE_MODULES = YES;
				CLANG_ENABLE_OBJC_ARC = YES;
				CLANG_ENABLE_OBJC_WEAK = YES;
				CLANG_WARN_BLOCK_CAPTURE_AUTORELEASING = YES;
				CLANG_WARN_BOOL_CONVERSION = YES;
				CLANG_WARN_COMMA = YES;
				CLANG_WARN_CONSTANT_CONVERSION = YES;
				CLANG_WARN_DEPRECATED_OBJC_IMPLEMENTATIONS = YES;
				CLANG_WARN_DIRECT_OBJC_ISA_USAGE = YES_ERROR;
				CLANG_WARN_DOCUMENTATION_COMMENTS = YES;
				CLANG_WARN_EMPTY_BODY = YES;
				CLANG_WARN_ENUM_CONVERSION = YES;
				CLANG_WARN_INFINITE_RECURSION = YES;
				CLANG_WARN_INT_CONVERSION = YES;
				CLANG_WARN_NON_LITERAL_NULL_CONVERSION = YES;
				CLANG_WARN_OBJC_IMPLICIT_RETAIN_SELF = YES;
				CLANG_WARN_OBJC_LITERAL_CONVERSION = YES;
				CLANG_WARN_OBJC_ROOT_CLASS = YES_ERROR;
				CLANG_WARN_QUOTED_INCLUDE_IN_FRAMEWORK_HEADER = YES;
				CLANG_WARN_RANGE_LOOP_ANALYSIS = YES;
				CLANG_WARN_STRICT_PROTOTYPES = YES;
				CLANG_WARN_SUSPICIOUS_MOVE = YES;
				CLANG_WARN_UNGUARDED_AVAILABILITY = YES_AGGRESSIVE;
				CLANG_WARN_UNREACHABLE_CODE = YES;
				CLANG_WARN__DUPLICATE_METHOD_MATCH = YES;
				COPY_PHASE_STRIP = NO;
				DEBUG_INFORMATION_FORMAT = "dwarf-with-dsym";
				ENABLE_NS_ASSERTIONS = NO;
				ENABLE_STRICT_OBJC_MSGSEND = YES;
				ENABLE_USER_SCRIPT_SANDBOXING = YES;
				GCC_C_LANGUAGE_STANDARD = gnu17;
				GCC_NO_COMMON_BLOCKS = YES;
				GCC_WARN_64_TO_32_BIT_CONVERSION = YES;
				GCC_WARN_ABOUT_RETURN_TYPE = YES_ERROR;
				GCC_WARN_UNDECLARED_SELECTOR = YES;
				GCC_WARN_UNINITIALIZED_AUTOS = YES_AGGRESSIVE;
				GCC_WARN_UNUSED_FUNCTION = YES;
				GCC_WARN_UNUSED_VARIABLE = YES;
				IPHONEOS_DEPLOYMENT_TARGET = 18.2;
				LOCALIZATION_PREFERS_STRING_CATALOGS = YES;
				MTL_ENABLE_DEBUG_INFO = NO;
				MTL_FAST_MATH = YES;
				SDKROOT = iphoneos;
				SWIFT_COMPILATION_MODE = wholemodule;
				VALIDATE_PRODUCT = YES;
			};
			name = Release;
		};
		4F47DF892DC9307A00707218 /* Debug */ = {
			isa = XCBuildConfiguration;
			buildSettings = {
				ASSETCATALOG_COMPILER_APPICON_NAME = AppIcon;
				ASSETCATALOG_COMPILER_GLOBAL_ACCENT_COLOR_NAME = AccentColor;
				CODE_SIGN_STYLE = Automatic;
				CURRENT_PROJECT_VERSION = 1;
				DEVELOPMENT_ASSET_PATHS = "\"T-BuddyRetake/Preview Content\"";
				DEVELOPMENT_TEAM = X5L6A52QN5;
				ENABLE_PREVIEWS = YES;
				GENERATE_INFOPLIST_FILE = YES;
				INFOPLIST_FILE = "T-BuddyRetake/Info.plist";
				INFOPLIST_KEY_UIApplicationSceneManifest_Generation = YES;
				INFOPLIST_KEY_UIApplicationSupportsIndirectInputEvents = YES;
				INFOPLIST_KEY_UISupportedInterfaceOrientations_iPad = "UIInterfaceOrientationPortrait UIInterfaceOrientationPortraitUpsideDown UIInterfaceOrientationLandscapeLeft UIInterfaceOrientationLandscapeRight";
				INFOPLIST_KEY_UISupportedInterfaceOrientations_iPhone = "UIInterfaceOrientationPortrait UIInterfaceOrientationLandscapeLeft UIInterfaceOrientationLandscapeRight";
				LD_RUNPATH_SEARCH_PATHS = (
					"$(inherited)",
					"@executable_path/Frameworks",
				);
				MARKETING_VERSION = 1.0;
				PRODUCT_BUNDLE_IDENTIFIER = "com.mcguirno.T-BuddyRetake";
				PRODUCT_NAME = "$(TARGET_NAME)";
				SWIFT_EMIT_LOC_STRINGS = YES;
				SWIFT_VERSION = 5.0;
				TARGETED_DEVICE_FAMILY = "1,2";
			};
			name = Debug;
		};
		4F47DF8A2DC9307A00707218 /* Release */ = {
			isa = XCBuildConfiguration;
			buildSettings = {
				ASSETCATALOG_COMPILER_APPICON_NAME = AppIcon;
				ASSETCATALOG_COMPILER_GLOBAL_ACCENT_COLOR_NAME = AccentColor;
				CODE_SIGN_STYLE = Automatic;
				CURRENT_PROJECT_VERSION = 1;
				DEVELOPMENT_ASSET_PATHS = "\"T-BuddyRetake/Preview Content\"";
				DEVELOPMENT_TEAM = X5L6A52QN5;
				ENABLE_PREVIEWS = YES;
				GENERATE_INFOPLIST_FILE = YES;
				INFOPLIST_FILE = "T-BuddyRetake/Info.plist";
				INFOPLIST_KEY_UIApplicationSceneManifest_Generation = YES;
				INFOPLIST_KEY_UIApplicationSupportsIndirectInputEvents = YES;
				INFOPLIST_KEY_UISupportedInterfaceOrientations_iPad = "UIInterfaceOrientationPortrait UIInterfaceOrientationPortraitUpsideDown UIInterfaceOrientationLandscapeLeft UIInterfaceOrientationLandscapeRight";
				INFOPLIST_KEY_UISupportedInterfaceOrientations_iPhone = "UIInterfaceOrientationPortrait UIInterfaceOrientationLandscapeLeft UIInterfaceOrientationLandscapeRight";
				LD_RUNPATH_SEARCH_PATHS = (
					"$(inherited)",
					"@executable_path/Frameworks",
				);
				MARKETING_VERSION = 1.0;
				PRODUCT_BUNDLE_IDENTIFIER = "com.mcguirno.T-BuddyRetake";
				PRODUCT_NAME = "$(TARGET_NAME)";
				SWIFT_EMIT_LOC_STRINGS = YES;
				SWIFT_VERSION = 5.0;
				TARGETED_DEVICE_FAMILY = "1,2";
			};
			name = Release;
		};
/* End XCBuildConfiguration section */

/* Begin XCConfigurationList section */
		4F47DF752DC9307800707218 /* Build configuration list for PBXProject "T-BuddyRetake" */ = {
			isa = XCConfigurationList;
			buildConfigurations = (
				4F47DF862DC9307A00707218 /* Debug */,
				4F47DF872DC9307A00707218 /* Release */,
			);
			defaultConfigurationIsVisible = 0;
			defaultConfigurationName = Release;
		};
		4F47DF882DC9307A00707218 /* Build configuration list for PBXNativeTarget "T-BuddyRetake" */ = {
			isa = XCConfigurationList;
			buildConfigurations = (
				4F47DF892DC9307A00707218 /* Debug */,
				4F47DF8A2DC9307A00707218 /* Release */,
			);
			defaultConfigurationIsVisible = 0;
			defaultConfigurationName = Release;
		};
/* End XCConfigurationList section */
	};
	rootObject = 4F47DF722DC9307800707218 /* Project object */;
}
